<Solution>
  <Folder Name="/FrostyTypeSdkGenerator/">
    <Project Path="FrostyTypeSdkGenerator/FrostyTypeSdkGenerator.Example/FrostyTypeSdkGenerator.Example.csproj" />
    <Project Path="FrostyTypeSdkGenerator/FrostyTypeSdkGenerator/FrostyTypeSdkGenerator.csproj" />
  </Folder>
  <Folder Name="/Solution Items/">
    <File Path=".editorconfig" />
    <File Path="Directory.Build.props" />
    <File Path="Directory.Packages.props" />
    <File Path="global.json" />
    <File Path="LICENSE" />
    <File Path="NOTICE.md" />≈
  </Folder>
  
  <Project Path="Frosty.Cli/Frosty.Cli.csproj" />
  <Project Path="Frosty.Modding/Frosty.Modding.csproj" />
  <Project Path="Frosty.Sdk/Frosty.Sdk.csproj" />
  <Project Path="Frosty.Sdk.Tests/Frosty.Sdk.Tests.csproj" />
  
  <Project Path="FrostyEditor/FrostyEditor.csproj" />
</Solution>
